
Microsoft Visual Studio Solution File, Format Version 12.00
# Visual Studio Version 17
VisualStudioVersion = 17.5.002.0
MinimumVisualStudioVersion = 10.0.40219.1
Project("{2150E333-8FDC-42A3-9474-1A3956D46DE8}") = "mslearn-ai-vision", "mslearn-ai-vision", "{99B66D66-F128-4F5D-B690-99FA0977FD03}"
EndProject
Project("{2150E333-8FDC-42A3-9474-1A3956D46DE8}") = "Labfiles", "Labfiles", "{AE080CD9-FDAB-4964-A83C-46395D7E2BC2}"
EndProject
Project("{2150E333-8FDC-42A3-9474-1A3956D46DE8}") = "01-analyze-images", "01-analyze-images", "{BD24B909-872F-4996-8146-ECCF6FF4B7E2}"
EndProject
Project("{2150E333-8FDC-42A3-9474-1A3956D46DE8}") = "C-Sharp", "C-Sharp", "{DCB33A38-F7A7-4791-852E-121216E9F6D4}"
EndProject
Project("{9A19103F-16F7-4668-BE54-9A1E7A4F7556}") = "image-analysis", "mslearn-ai-vision\Labfiles\01-analyze-images\C-Sharp\image-analysis\image-analysis.csproj", "{08595C48-67E2-4BEB-BC81-4CB9634A88C0}"
EndProject
Project("{2150E333-8FDC-42A3-9474-1A3956D46DE8}") = "03-object-detection", "03-object-detection", "{AFD092BF-4175-45C1-8AB0-5062996AF17E}"
EndProject
Project("{2150E333-8FDC-42A3-9474-1A3956D46DE8}") = "C-Sharp", "C-Sharp", "{4106D083-107B-4670-937A-236870D9FF17}"
EndProject
Project("{9A19103F-16F7-4668-BE54-9A1E7A4F7556}") = "test-detector", "mslearn-ai-vision\Labfiles\03-object-detection\C-Sharp\test-detector\test-detector.csproj", "{662D55A2-B7BE-4B6D-B029-771265BB86E9}"
EndProject
Project("{9A19103F-16F7-4668-BE54-9A1E7A4F7556}") = "train-detector", "mslearn-ai-vision\Labfiles\03-object-detection\C-Sharp\train-detector\train-detector.csproj", "{BCC6EC0F-0D66-4474-B0ED-38399B988187}"
EndProject
Project("{2150E333-8FDC-42A3-9474-1A3956D46DE8}") = "04-face", "04-face", "{CE60BD03-C9E4-48F0-81A4-6654A93CC234}"
EndProject
Project("{2150E333-8FDC-42A3-9474-1A3956D46DE8}") = "C-Sharp", "C-Sharp", "{2699F638-9740-4C8C-B65B-C0960A6E6A55}"
EndProject
Project("{9A19103F-16F7-4668-BE54-9A1E7A4F7556}") = "detect-people", "mslearn-ai-vision\Labfiles\04-face\C-Sharp\computer-vision\detect-people.csproj", "{A1F91858-6EA4-45A3-AF0B-8E35159185D0}"
EndProject
Project("{9A19103F-16F7-4668-BE54-9A1E7A4F7556}") = "analyze-faces", "mslearn-ai-vision\Labfiles\04-face\C-Sharp\face-api\analyze-faces.csproj", "{616F0D38-41F1-458B-856B-9A1CFA9B6C8B}"
EndProject
Project("{2150E333-8FDC-42A3-9474-1A3956D46DE8}") = "05-ocr", "05-ocr", "{B36D6CA1-396C-45A3-8FEF-AA52A080CE88}"
EndProject
Project("{2150E333-8FDC-42A3-9474-1A3956D46DE8}") = "C-Sharp", "C-Sharp", "{CBC3164B-3B88-4E91-A808-275E065B4B70}"
EndProject
Project("{9A19103F-16F7-4668-BE54-9A1E7A4F7556}") = "read-text", "mslearn-ai-vision\Labfiles\05-ocr\C-Sharp\read-text\read-text.csproj", "{F273CBE1-9426-42CA-9951-14C717AF64D1}"
EndProject
Project("{2150E333-8FDC-42A3-9474-1A3956D46DE8}") = "07-custom-vision-image-classification", "07-custom-vision-image-classification", "{818E283C-605D-4E91-91FF-241A862AE35A}"
EndProject
Project("{2150E333-8FDC-42A3-9474-1A3956D46DE8}") = "C-Sharp", "C-Sharp", "{835DBAE4-55FE-47BF-9147-AE6164B95869}"
EndProject
Project("{9A19103F-16F7-4668-BE54-9A1E7A4F7556}") = "test-classifier", "mslearn-ai-vision\Labfiles\07-custom-vision-image-classification\C-Sharp\test-classifier\test-classifier.csproj", "{95CF5A8B-669B-4E0A-87F5-1AAC7459A8ED}"
EndProject
Project("{9A19103F-16F7-4668-BE54-9A1E7A4F7556}") = "train-classifier", "mslearn-ai-vision\Labfiles\07-custom-vision-image-classification\C-Sharp\train-classifier\train-classifier.csproj", "{6F6435F1-E46B-4A41-9AB3-DEC2083AEDB7}"
EndProject
Global
	GlobalSection(SolutionConfigurationPlatforms) = preSolution
		Debug|Any CPU = Debug|Any CPU
		Release|Any CPU = Release|Any CPU
	EndGlobalSection
	GlobalSection(ProjectConfigurationPlatforms) = postSolution
		{08595C48-67E2-4BEB-BC81-4CB9634A88C0}.Debug|Any CPU.ActiveCfg = Debug|Any CPU
		{08595C48-67E2-4BEB-BC81-4CB9634A88C0}.Debug|Any CPU.Build.0 = Debug|Any CPU
		{08595C48-67E2-4BEB-BC81-4CB9634A88C0}.Release|Any CPU.ActiveCfg = Release|Any CPU
		{08595C48-67E2-4BEB-BC81-4CB9634A88C0}.Release|Any CPU.Build.0 = Release|Any CPU
		{662D55A2-B7BE-4B6D-B029-771265BB86E9}.Debug|Any CPU.ActiveCfg = Debug|Any CPU
		{662D55A2-B7BE-4B6D-B029-771265BB86E9}.Debug|Any CPU.Build.0 = Debug|Any CPU
		{662D55A2-B7BE-4B6D-B029-771265BB86E9}.Release|Any CPU.ActiveCfg = Release|Any CPU
		{662D55A2-B7BE-4B6D-B029-771265BB86E9}.Release|Any CPU.Build.0 = Release|Any CPU
		{BCC6EC0F-0D66-4474-B0ED-38399B988187}.Debug|Any CPU.ActiveCfg = Debug|Any CPU
		{BCC6EC0F-0D66-4474-B0ED-38399B988187}.Debug|Any CPU.Build.0 = Debug|Any CPU
		{BCC6EC0F-0D66-4474-B0ED-38399B988187}.Release|Any CPU.ActiveCfg = Release|Any CPU
		{BCC6EC0F-0D66-4474-B0ED-38399B988187}.Release|Any CPU.Build.0 = Release|Any CPU
		{A1F91858-6EA4-45A3-AF0B-8E35159185D0}.Debug|Any CPU.ActiveCfg = Debug|Any CPU
		{A1F91858-6EA4-45A3-AF0B-8E35159185D0}.Debug|Any CPU.Build.0 = Debug|Any CPU
		{A1F91858-6EA4-45A3-AF0B-8E35159185D0}.Release|Any CPU.ActiveCfg = Release|Any CPU
		{A1F91858-6EA4-45A3-AF0B-8E35159185D0}.Release|Any CPU.Build.0 = Release|Any CPU
		{616F0D38-41F1-458B-856B-9A1CFA9B6C8B}.Debug|Any CPU.ActiveCfg = Debug|Any CPU
		{616F0D38-41F1-458B-856B-9A1CFA9B6C8B}.Debug|Any CPU.Build.0 = Debug|Any CPU
		{616F0D38-41F1-458B-856B-9A1CFA9B6C8B}.Release|Any CPU.ActiveCfg = Release|Any CPU
		{616F0D38-41F1-458B-856B-9A1CFA9B6C8B}.Release|Any CPU.Build.0 = Release|Any CPU
		{F273CBE1-9426-42CA-9951-14C717AF64D1}.Debug|Any CPU.ActiveCfg = Debug|Any CPU
		{F273CBE1-9426-42CA-9951-14C717AF64D1}.Debug|Any CPU.Build.0 = Debug|Any CPU
		{F273CBE1-9426-42CA-9951-14C717AF64D1}.Release|Any CPU.ActiveCfg = Release|Any CPU
		{F273CBE1-9426-42CA-9951-14C717AF64D1}.Release|Any CPU.Build.0 = Release|Any CPU
		{95CF5A8B-669B-4E0A-87F5-1AAC7459A8ED}.Debug|Any CPU.ActiveCfg = Debug|Any CPU
		{95CF5A8B-669B-4E0A-87F5-1AAC7459A8ED}.Debug|Any CPU.Build.0 = Debug|Any CPU
		{95CF5A8B-669B-4E0A-87F5-1AAC7459A8ED}.Release|Any CPU.ActiveCfg = Release|Any CPU
		{95CF5A8B-669B-4E0A-87F5-1AAC7459A8ED}.Release|Any CPU.Build.0 = Release|Any CPU
		{6F6435F1-E46B-4A41-9AB3-DEC2083AEDB7}.Debug|Any CPU.ActiveCfg = Debug|Any CPU
		{6F6435F1-E46B-4A41-9AB3-DEC2083AEDB7}.Debug|Any CPU.Build.0 = Debug|Any CPU
		{6F6435F1-E46B-4A41-9AB3-DEC2083AEDB7}.Release|Any CPU.ActiveCfg = Release|Any CPU
		{6F6435F1-E46B-4A41-9AB3-DEC2083AEDB7}.Release|Any CPU.Build.0 = Release|Any CPU
	EndGlobalSection
	GlobalSection(SolutionProperties) = preSolution
		HideSolutionNode = FALSE
	EndGlobalSection
	GlobalSection(NestedProjects) = preSolution
		{AE080CD9-FDAB-4964-A83C-46395D7E2BC2} = {99B66D66-F128-4F5D-B690-99FA0977FD03}
		{BD24B909-872F-4996-8146-ECCF6FF4B7E2} = {AE080CD9-FDAB-4964-A83C-46395D7E2BC2}
		{DCB33A38-F7A7-4791-852E-121216E9F6D4} = {BD24B909-872F-4996-8146-ECCF6FF4B7E2}
		{08595C48-67E2-4BEB-BC81-4CB9634A88C0} = {DCB33A38-F7A7-4791-852E-121216E9F6D4}
		{AFD092BF-4175-45C1-8AB0-5062996AF17E} = {AE080CD9-FDAB-4964-A83C-46395D7E2BC2}
		{4106D083-107B-4670-937A-236870D9FF17} = {AFD092BF-4175-45C1-8AB0-5062996AF17E}
		{662D55A2-B7BE-4B6D-B029-771265BB86E9} = {4106D083-107B-4670-937A-236870D9FF17}
		{BCC6EC0F-0D66-4474-B0ED-38399B988187} = {4106D083-107B-4670-937A-236870D9FF17}
		{CE60BD03-C9E4-48F0-81A4-6654A93CC234} = {AE080CD9-FDAB-4964-A83C-46395D7E2BC2}
		{2699F638-9740-4C8C-B65B-C0960A6E6A55} = {CE60BD03-C9E4-48F0-81A4-6654A93CC234}
		{A1F91858-6EA4-45A3-AF0B-8E35159185D0} = {2699F638-9740-4C8C-B65B-C0960A6E6A55}
		{616F0D38-41F1-458B-856B-9A1CFA9B6C8B} = {2699F638-9740-4C8C-B65B-C0960A6E6A55}
		{B36D6CA1-396C-45A3-8FEF-AA52A080CE88} = {AE080CD9-FDAB-4964-A83C-46395D7E2BC2}
		{CBC3164B-3B88-4E91-A808-275E065B4B70} = {B36D6CA1-396C-45A3-8FEF-AA52A080CE88}
		{F273CBE1-9426-42CA-9951-14C717AF64D1} = {CBC3164B-3B88-4E91-A808-275E065B4B70}
		{818E283C-605D-4E91-91FF-241A862AE35A} = {AE080CD9-FDAB-4964-A83C-46395D7E2BC2}
		{835DBAE4-55FE-47BF-9147-AE6164B95869} = {818E283C-605D-4E91-91FF-241A862AE35A}
		{95CF5A8B-669B-4E0A-87F5-1AAC7459A8ED} = {835DBAE4-55FE-47BF-9147-AE6164B95869}
		{6F6435F1-E46B-4A41-9AB3-DEC2083AEDB7} = {835DBAE4-55FE-47BF-9147-AE6164B95869}
	EndGlobalSection
	GlobalSection(ExtensibilityGlobals) = postSolution
		SolutionGuid = {BF8EF0B5-B239-428B-8EB7-405BAFA47ECE}
	EndGlobalSection
EndGlobal
